<?xml version="1.0" encoding="utf-8"?>
<Project ToolsVersion="4.0" xmlns="http://schemas.microsoft.com/developer/msbuild/2003">
  <ItemGroup>
    <Filter Include="Source Files">
      <UniqueIdentifier>{4FC737F1-C7A5-4376-A066-2A32D752A2FF}</UniqueIdentifier>
      <Extensions>cpp;c;cc;cxx;c++;cppm;ixx;def;odl;idl;hpj;bat;asm;asmx</Extensions>
    </Filter>
    <Filter Include="Header Files">
      <UniqueIdentifier>{93995380-89BD-4b04-88EB-625FBE52EBFB}</UniqueIdentifier>
      <Extensions>h;hh;hpp;hxx;h++;hm;inl;inc;ipp;xsd</Extensions>
    </Filter>
    <Filter Include="Resource Files">
      <UniqueIdentifier>{67DA6AB6-F800-4c08-8B7A-83BB121AAD01}</UniqueIdentifier>
      <Extensions>rc;ico;cur;bmp;dlg;rc2;rct;bin;rgs;gif;jpg;jpeg;jpe;resx;tiff;tif;png;wav;mfcribbon-ms</Extensions>
    </Filter>
    <Filter Include="RepulsiveEngine">
      <UniqueIdentifier>{6fb51b7f-469a-42c1-b91d-e522b8608e15}</UniqueIdentifier>
    </Filter>
    <Filter Include="Header Files\Audio">
      <UniqueIdentifier>{258bdf93-4c5e-49b5-bcdb-cfbe2c23c801}</UniqueIdentifier>
    </Filter>
    <Filter Include="Header Files\Physics">
      <UniqueIdentifier>{f9f5c2d4-5ef2-4bfe-b248-47ad1ba6e564}</UniqueIdentifier>
    </Filter>
    <Filter Include="Header Files\UI">
      <UniqueIdentifier>{93956e63-50d9-4e36-8bfe-bd382535c2f8}</UniqueIdentifier>
    </Filter>
    <Filter Include="Header Files\Utils">
      <UniqueIdentifier>{7e78085d-98eb-4c1a-a666-4beabc628714}</UniqueIdentifier>
    </Filter>
    <Filter Include="Settings">
      <UniqueIdentifier>{67e03228-e874-426b-a87f-1dc2732b2188}</UniqueIdentifier>
    </Filter>
    <Filter Include="Header Files\Scenes">
      <UniqueIdentifier>{36a1a861-49f3-43f3-99ca-89c66227c94e}</UniqueIdentifier>
    </Filter>
  </ItemGroup>
  <ItemGroup>
    <ClCompile Include="main.cpp">
      <Filter>Source Files</Filter>
    </ClCompile>
    <ClCompile Include="RepulsiveEngine\CoreEngine.cpp">
      <Filter>RepulsiveEngine</Filter>
    </ClCompile>
    <ClCompile Include="RepulsiveEngine\CustomWindow.cpp">
      <Filter>RepulsiveEngine</Filter>
    </ClCompile>
    <ClCompile Include="RepulsiveEngine\GDIPlusManager.cpp">
      <Filter>RepulsiveEngine</Filter>
    </ClCompile>
    <ClCompile Include="RepulsiveEngine\Image.cpp">
      <Filter>RepulsiveEngine</Filter>
    </ClCompile>
    <ClCompile Include="RepulsiveEngine\StandardWindow.cpp">
      <Filter>RepulsiveEngine</Filter>
    </ClCompile>
    <ClCompile Include="RepulsiveEngine\Window.cpp">
      <Filter>RepulsiveEngine</Filter>
    </ClCompile>
  </ItemGroup>
  <ItemGroup>
    <ClInclude Include="RepulsiveEngine\AnimatedSprite.h">
      <Filter>RepulsiveEngine</Filter>
    </ClInclude>
    <ClInclude Include="RepulsiveEngine\CoreEngine.h">
      <Filter>RepulsiveEngine</Filter>
    </ClInclude>
    <ClInclude Include="RepulsiveEngine\CustomWindow.h">
      <Filter>RepulsiveEngine</Filter>
    </ClInclude>
    <ClInclude Include="RepulsiveEngine\GDIPlusManager.h">
      <Filter>RepulsiveEngine</Filter>
    </ClInclude>
    <ClInclude Include="RepulsiveEngine\Image.h">
      <Filter>RepulsiveEngine</Filter>
    </ClInclude>
    <ClInclude Include="RepulsiveEngine\ImageSprite.h">
      <Filter>RepulsiveEngine</Filter>
    </ClInclude>
    <ClInclude Include="RepulsiveEngine\MemoryRenderer.h">
      <Filter>RepulsiveEngine</Filter>
    </ClInclude>
    <ClInclude Include="RepulsiveEngine\RenderCommandEngine.h">
      <Filter>RepulsiveEngine</Filter>
    </ClInclude>
    <ClInclude Include="RepulsiveEngine\RenderDevice.h">
      <Filter>RepulsiveEngine</Filter>
    </ClInclude>
    <ClInclude Include="RepulsiveEngine\Sprite.h">
      <Filter>RepulsiveEngine</Filter>
    </ClInclude>
    <ClInclude Include="RepulsiveEngine\StandardWindow.h">
      <Filter>RepulsiveEngine</Filter>
    </ClInclude>
    <ClInclude Include="RepulsiveEngine\Texture.h">
      <Filter>RepulsiveEngine</Filter>
    </ClInclude>
    <ClInclude Include="RepulsiveEngine\Window.h">
      <Filter>RepulsiveEngine</Filter>
    </ClInclude>
    <ClInclude Include="RepulsiveEngine\WindowRenderer.h">
      <Filter>RepulsiveEngine</Filter>
    </ClInclude>
    <ClInclude Include="resource.h">
      <Filter>Header Files</Filter>
    </ClInclude>
    <ClInclude Include="Engine.h">
      <Filter>Header Files</Filter>
    </ClInclude>
    <ClInclude Include="RenderSystem.h">
      <Filter>Header Files</Filter>
    </ClInclude>
    <ClInclude Include="EngineComponent.h">
      <Filter>Header Files</Filter>
    </ClInclude>
    <ClInclude Include="Event.h">
      <Filter>Header Files</Filter>
    </ClInclude>
    <ClInclude Include="ObjectAnimator.h">
      <Filter>Header Files</Filter>
    </ClInclude>
    <ClInclude Include="InputSystem.h">
      <Filter>Header Files</Filter>
    </ClInclude>
    <ClInclude Include="SceneObject.h">
      <Filter>Header Files</Filter>
    </ClInclude>
    <ClInclude Include="SceneManager.h">
      <Filter>Header Files</Filter>
    </ClInclude>
    <ClInclude Include="BoxCollider.h">
      <Filter>Header Files\Physics</Filter>
    </ClInclude>
    <ClInclude Include="DynamicAABB.h">
      <Filter>Header Files\Physics</Filter>
    </ClInclude>
    <ClInclude Include="PhysicsSystem.h">
      <Filter>Header Files\Physics</Filter>
    </ClInclude>
    <ClInclude Include="SpatialHashGrid.h">
      <Filter>Header Files\Physics</Filter>
    </ClInclude>
    <ClInclude Include="MapLoader.h">
      <Filter>Header Files</Filter>
    </ClInclude>
    <ClInclude Include="AudioSystem.h">
      <Filter>Header Files\Audio</Filter>
    </ClInclude>
    <ClInclude Include="Audio.h">
      <Filter>Header Files\Audio</Filter>
    </ClInclude>
    <ClInclude Include="UISystem.h">
      <Filter>Header Files\UI</Filter>
    </ClInclude>
    <ClInclude Include="UIComponent.h">
      <Filter>Header Files\UI</Filter>
    </ClInclude>
    <ClInclude Include="UILayer.h">
      <Filter>Header Files\UI</Filter>
    </ClInclude>
    <ClInclude Include="SceneLayer.h">
      <Filter>Header Files</Filter>
    </ClInclude>
    <ClInclude Include="RepulsiveEngine\StencilBuffer.h">
      <Filter>RepulsiveEngine</Filter>
    </ClInclude>
    <ClInclude Include="RepulsiveEngine\Font.h">
      <Filter>RepulsiveEngine</Filter>
    </ClInclude>
    <ClInclude Include="DynamicSceneLoader.h">
      <Filter>Header Files\Utils</Filter>
    </ClInclude>
    <ClInclude Include="RpsLoader.h">
      <Filter>Header Files\Utils</Filter>
    </ClInclude>
    <ClInclude Include="RepulsiveEngine\ResourceEngine.h">
      <Filter>RepulsiveEngine</Filter>
    </ClInclude>
    <ClInclude Include="RayCasting.h">
      <Filter>Header Files\Physics</Filter>
    </ClInclude>
    <ClInclude Include="TemplateScene.h">
      <Filter>Header Files\Scenes</Filter>
    </ClInclude>
  </ItemGroup>
  <ItemGroup>
    <FxCompile Include="RepulsiveEngine\PixelShader.hlsl">
      <Filter>RepulsiveEngine</Filter>
    </FxCompile>
    <FxCompile Include="RepulsiveEngine\VertexShader.hlsl">
      <Filter>RepulsiveEngine</Filter>
    </FxCompile>
  </ItemGroup>
  <ItemGroup>
    <ResourceCompile Include="RipeGrain.rc">
      <Filter>Resource Files</Filter>
    </ResourceCompile>
  </ItemGroup>
  <ItemGroup>
    <Image Include="favicon.ico">
      <Filter>Resource Files</Filter>
    </Image>
  </ItemGroup>
  <ItemGroup>
    <CopyFileToFolders Include="Startup.rps">
      <Filter>Settings</Filter>
    </CopyFileToFolders>
  </ItemGroup>
</Project>